
Microsoft Visual Studio Solution File, Format Version 12.00
# Visual Studio Version 16
VisualStudioVersion = 16.0.29709.97
MinimumVisualStudioVersion = 10.0.40219.1
Project("{FAE04EC0-301F-11D3-BF4B-00C04F79EFBC}") = "MyNewService", "MyNewService\MyNewService.csproj", "{B6D613AF-F2B8-4F05-A829-B2B08DC1332D}"
EndProject
Global
	GlobalSection(SolutionConfigurationPlatforms) = preSolution
		Debug|Any CPU = Debug|Any CPU
		Release|Any CPU = Release|Any CPU
	EndGlobalSection
	GlobalSection(ProjectConfigurationPlatforms) = postSolution
		{B6D613AF-F2B8-4F05-A829-B2B08DC1332D}.Debug|Any CPU.ActiveCfg = Debug|Any CPU
		{B6D613AF-F2B8-4F05-A829-B2B08DC1332D}.Debug|Any CPU.Build.0 = Debug|Any CPU
		{B6D613AF-F2B8-4F05-A829-B2B08DC1332D}.Release|Any CPU.ActiveCfg = Release|Any CPU
		{B6D613AF-F2B8-4F05-A829-B2B08DC1332D}.Release|Any CPU.Build.0 = Release|Any CPU
	EndGlobalSection
	GlobalSection(SolutionProperties) = preSolution
		HideSolutionNode = FALSE
	EndGlobalSection
	GlobalSection(ExtensibilityGlobals) = postSolution
		SolutionGuid = {FADBCDCD-2347-424B-B1F6-28CD9EC4FB14}
	EndGlobalSection
EndGlobal
